// !$*UTF8*$!
{
	archiveVersion = 1;
	classes = {
	};
	objectVersion = 46;
	objects = {

/* Begin PBXBuildFile section */
		4CCAB4CA19B6D4D2007E3283 /* Foundation.framework in Frameworks */ = {isa = PBXBuildFile; fileRef = 4CCAB4C919B6D4D2007E3283 /* Foundation.framework */; };
		4CCAB4CC19B6D4D2007E3283 /* CoreGraphics.framework in Frameworks */ = {isa = PBXBuildFile; fileRef = 4CCAB4CB19B6D4D2007E3283 /* CoreGraphics.framework */; };
		4CCAB4CE19B6D4D2007E3283 /* UIKit.framework in Frameworks */ = {isa = PBXBuildFile; fileRef = 4CCAB4CD19B6D4D2007E3283 /* UIKit.framework */; };
		4CCAB4D419B6D4D3007E3283 /* InfoPlist.strings in Resources */ = {isa = PBXBuildFile; fileRef = 4CCAB4D219B6D4D3007E3283 /* InfoPlist.strings */; };
		4CCAB4D619B6D4D3007E3283 /* main.m in Sources */ = {isa = PBXBuildFile; fileRef = 4CCAB4D519B6D4D3007E3283 /* main.m */; };
		4CCAB4DA19B6D4D3007E3283 /* TAppDelegate.m in Sources */ = {isa = PBXBuildFile; fileRef = 4CCAB4D919B6D4D3007E3283 /* TAppDelegate.m */; };
		4CCAB4DD19B6D4D3007E3283 /* Main.storyboard in Resources */ = {isa = PBXBuildFile; fileRef = 4CCAB4DB19B6D4D3007E3283 /* Main.storyboard */; };
		4CCAB4E019B6D4D3007E3283 /* TViewController.m in Sources */ = {isa = PBXBuildFile; fileRef = 4CCAB4DF19B6D4D3007E3283 /* TViewController.m */; };
		4CCAB4E219B6D4D3007E3283 /* Images.xcassets in Resources */ = {isa = PBXBuildFile; fileRef = 4CCAB4E119B6D4D3007E3283 /* Images.xcassets */; };
		4CCAB4E919B6D4D3007E3283 /* XCTest.framework in Frameworks */ = {isa = PBXBuildFile; fileRef = 4CCAB4E819B6D4D3007E3283 /* XCTest.framework */; };
		4CCAB4EA19B6D4D3007E3283 /* Foundation.framework in Frameworks */ = {isa = PBXBuildFile; fileRef = 4CCAB4C919B6D4D2007E3283 /* Foundation.framework */; };
		4CCAB4EB19B6D4D3007E3283 /* UIKit.framework in Frameworks */ = {isa = PBXBuildFile; fileRef = 4CCAB4CD19B6D4D2007E3283 /* UIKit.framework */; };
		4CCAB4F319B6D4D3007E3283 /* InfoPlist.strings in Resources */ = {isa = PBXBuildFile; fileRef = 4CCAB4F119B6D4D3007E3283 /* InfoPlist.strings */; };
		4CCAB4F519B6D4D3007E3283 /* tongbaotuTests.m in Sources */ = {isa = PBXBuildFile; fileRef = 4CCAB4F419B6D4D3007E3283 /* tongbaotuTests.m */; };
/* End PBXBuildFile section */

/* Begin PBXContainerItemProxy section */
		4CCAB4EC19B6D4D3007E3283 /* PBXContainerItemProxy */ = {
			isa = PBXContainerItemProxy;
			containerPortal = 4CCAB4BE19B6D4D2007E3283 /* Project object */;
			proxyType = 1;
			remoteGlobalIDString = 4CCAB4C519B6D4D2007E3283;
			remoteInfo = tongbaotu;
		};
/* End PBXContainerItemProxy section */

/* Begin PBXFileReference section */
		4CCAB4C619B6D4D2007E3283 /* tongbaotu.app */ = {isa = PBXFileReference; explicitFileType = wrapper.application; includeInIndex = 0; path = tongbaotu.app; sourceTree = BUILT_PRODUCTS_DIR; };
		4CCAB4C919B6D4D2007E3283 /* Foundation.framework */ = {isa = PBXFileReference; lastKnownFileType = wrapper.framework; name = Foundation.framework; path = System/Library/Frameworks/Foundation.framework; sourceTree = SDKROOT; };
		4CCAB4CB19B6D4D2007E3283 /* CoreGraphics.framework */ = {isa = PBXFileReference; lastKnownFileType = wrapper.framework; name = CoreGraphics.framework; path = System/Library/Frameworks/CoreGraphics.framework; sourceTree = SDKROOT; };
		4CCAB4CD19B6D4D2007E3283 /* UIKit.framework */ = {isa = PBXFileReference; lastKnownFileType = wrapper.framework; name = UIKit.framework; path = System/Library/Frameworks/UIKit.framework; sourceTree = SDKROOT; };
		4CCAB4D119B6D4D3007E3283 /* tongbaotu-Info.plist */ = {isa = PBXFileReference; lastKnownFileType = text.plist.xml; path = "tongbaotu-Info.plist"; sourceTree = "<group>"; };
		4CCAB4D319B6D4D3007E3283 /* en */ = {isa = PBXFileReference; lastKnownFileType = text.plist.strings; name = en; path = en.lproj/InfoPlist.strings; sourceTree = "<group>"; };
		4CCAB4D519B6D4D3007E3283 /* main.m */ = {isa = PBXFileReference; lastKnownFileType = sourcecode.c.objc; path = main.m; sourceTree = "<group>"; };
		4CCAB4D719B6D4D3007E3283 /* tongbaotu-Prefix.pch */ = {isa = PBXFileReference; lastKnownFileType = sourcecode.c.h; path = "tongbaotu-Prefix.pch"; sourceTree = "<group>"; };
		4CCAB4D819B6D4D3007E3283 /* TAppDelegate.h */ = {isa = PBXFileReference; lastKnownFileType = sourcecode.c.h; path = TAppDelegate.h; sourceTree = "<group>"; };
		4CCAB4D919B6D4D3007E3283 /* TAppDelegate.m */ = {isa = PBXFileReference; lastKnownFileType = sourcecode.c.objc; path = TAppDelegate.m; sourceTree = "<group>"; };
		4CCAB4DC19B6D4D3007E3283 /* Base */ = {isa = PBXFileReference; lastKnownFileType = file.storyboard; name = Base; path = Base.lproj/Main.storyboard; sourceTree = "<group>"; };
		4CCAB4DE19B6D4D3007E3283 /* TViewController.h */ = {isa = PBXFileReference; lastKnownFileType = sourcecode.c.h; path = TViewController.h; sourceTree = "<group>"; };
		4CCAB4DF19B6D4D3007E3283 /* TViewController.m */ = {isa = PBXFileReference; lastKnownFileType = sourcecode.c.objc; path = TViewController.m; sourceTree = "<group>"; };
		4CCAB4E119B6D4D3007E3283 /* Images.xcassets */ = {isa = PBXFileReference; lastKnownFileType = folder.assetcatalog; path = Images.xcassets; sourceTree = "<group>"; };
		4CCAB4E719B6D4D3007E3283 /* tongbaotuTests.xctest */ = {isa = PBXFileReference; explicitFileType = wrapper.cfbundle; includeInIndex = 0; path = tongbaotuTests.xctest; sourceTree = BUILT_PRODUCTS_DIR; };
		4CCAB4E819B6D4D3007E3283 /* XCTest.framework */ = {isa = PBXFileReference; lastKnownFileType = wrapper.framework; name = XCTest.framework; path = Library/Frameworks/XCTest.framework; sourceTree = DEVELOPER_DIR; };
		4CCAB4F019B6D4D3007E3283 /* tongbaotuTests-Info.plist */ = {isa = PBXFileReference; lastKnownFileType = text.plist.xml; path = "tongbaotuTests-Info.plist"; sourceTree = "<group>"; };
		4CCAB4F219B6D4D3007E3283 /* en */ = {isa = PBXFileReference; lastKnownFileType = text.plist.strings; name = en; path = en.lproj/InfoPlist.strings; sourceTree = "<group>"; };
		4CCAB4F419B6D4D3007E3283 /* tongbaotuTests.m */ = {isa = PBXFileReference; lastKnownFileType = sourcecode.c.objc; path = tongbaotuTests.m; sourceTree = "<group>"; };
/* End PBXFileReference section */

/* Begin PBXFrameworksBuildPhase section */
		4CCAB4C319B6D4D2007E3283 /* Frameworks */ = {
			isa = PBXFrameworksBuildPhase;
			buildActionMask = 2147483647;
			files = (
				4CCAB4CC19B6D4D2007E3283 /* CoreGraphics.framework in Frameworks */,
				4CCAB4CE19B6D4D2007E3283 /* UIKit.framework in Frameworks */,
				4CCAB4CA19B6D4D2007E3283 /* Foundation.framework in Frameworks */,
			);
			runOnlyForDeploymentPostprocessing = 0;
		};
		4CCAB4E419B6D4D3007E3283 /* Frameworks */ = {
			isa = PBXFrameworksBuildPhase;
			buildActionMask = 2147483647;
			files = (
				4CCAB4E919B6D4D3007E3283 /* XCTest.framework in Frameworks */,
				4CCAB4EB19B6D4D3007E3283 /* UIKit.framework in Frameworks */,
				4CCAB4EA19B6D4D3007E3283 /* Foundation.framework in Frameworks */,
			);
			runOnlyForDeploymentPostprocessing = 0;
		};
/* End PBXFrameworksBuildPhase section */

/* Begin PBXGroup section */
		4CCAB4BD19B6D4D2007E3283 = {
			isa = PBXGroup;
			children = (
				4CCAB4CF19B6D4D2007E3283 /* tongbaotu */,
				4CCAB4EE19B6D4D3007E3283 /* tongbaotuTests */,
				4CCAB4C819B6D4D2007E3283 /* Frameworks */,
				4CCAB4C719B6D4D2007E3283 /* Products */,
			);
			sourceTree = "<group>";
		};
		4CCAB4C719B6D4D2007E3283 /* Products */ = {
			isa = PBXGroup;
			children = (
				4CCAB4C619B6D4D2007E3283 /* tongbaotu.app */,
				4CCAB4E719B6D4D3007E3283 /* tongbaotuTests.xctest */,
			);
			name = Products;
			sourceTree = "<group>";
		};
		4CCAB4C819B6D4D2007E3283 /* Frameworks */ = {
			isa = PBXGroup;
			children = (
				4CCAB4C919B6D4D2007E3283 /* Foundation.framework */,
				4CCAB4CB19B6D4D2007E3283 /* CoreGraphics.framework */,
				4CCAB4CD19B6D4D2007E3283 /* UIKit.framework */,
				4CCAB4E819B6D4D3007E3283 /* XCTest.framework */,
			);
			name = Frameworks;
			sourceTree = "<group>";
		};
		4CCAB4CF19B6D4D2007E3283 /* tongbaotu */ = {
			isa = PBXGroup;
			children = (
				4CCAB4D819B6D4D3007E3283 /* TAppDelegate.h */,
				4CCAB4D919B6D4D3007E3283 /* TAppDelegate.m */,
				4CCAB4DB19B6D4D3007E3283 /* Main.storyboard */,
				4CCAB4DE19B6D4D3007E3283 /* TViewController.h */,
				4CCAB4DF19B6D4D3007E3283 /* TViewController.m */,
				4CCAB4E119B6D4D3007E3283 /* Images.xcassets */,
				4CCAB4D019B6D4D3007E3283 /* Supporting Files */,
			);
			path = tongbaotu;
			sourceTree = "<group>";
		};
		4CCAB4D019B6D4D3007E3283 /* Supporting Files */ = {
			isa = PBXGroup;
			children = (
				4CCAB4D119B6D4D3007E3283 /* tongbaotu-Info.plist */,
				4CCAB4D219B6D4D3007E3283 /* InfoPlist.strings */,
				4CCAB4D519B6D4D3007E3283 /* main.m */,
				4CCAB4D719B6D4D3007E3283 /* tongbaotu-Prefix.pch */,
			);
			name = "Supporting Files";
			sourceTree = "<group>";
		};
		4CCAB4EE19B6D4D3007E3283 /* tongbaotuTests */ = {
			isa = PBXGroup;
			children = (
				4CCAB4F419B6D4D3007E3283 /* tongbaotuTests.m */,
				4CCAB4EF19B6D4D3007E3283 /* Supporting Files */,
			);
			path = tongbaotuTests;
			sourceTree = "<group>";
		};
		4CCAB4EF19B6D4D3007E3283 /* Supporting Files */ = {
			isa = PBXGroup;
			children = (
				4CCAB4F019B6D4D3007E3283 /* tongbaotuTests-Info.plist */,
				4CCAB4F119B6D4D3007E3283 /* InfoPlist.strings */,
			);
			name = "Supporting Files";
			sourceTree = "<group>";
		};
/* End PBXGroup section */

/* Begin PBXNativeTarget section */
		4CCAB4C519B6D4D2007E3283 /* tongbaotu */ = {
			isa = PBXNativeTarget;
			buildConfigurationList = 4CCAB4F819B6D4D3007E3283 /* Build configuration list for PBXNativeTarget "tongbaotu" */;
			buildPhases = (
				4CCAB4C219B6D4D2007E3283 /* Sources */,
				4CCAB4C319B6D4D2007E3283 /* Frameworks */,
				4CCAB4C419B6D4D2007E3283 /* Resources */,
			);
			buildRules = (
			);
			dependencies = (
			);
			name = tongbaotu;
			productName = tongbaotu;
			productReference = 4CCAB4C619B6D4D2007E3283 /* tongbaotu.app */;
			productType = "com.apple.product-type.application";
		};
		4CCAB4E619B6D4D3007E3283 /* tongbaotuTests */ = {
			isa = PBXNativeTarget;
			buildConfigurationList = 4CCAB4FB19B6D4D3007E3283 /* Build configuration list for PBXNativeTarget "tongbaotuTests" */;
			buildPhases = (
				4CCAB4E319B6D4D3007E3283 /* Sources */,
				4CCAB4E419B6D4D3007E3283 /* Frameworks */,
				4CCAB4E519B6D4D3007E3283 /* Resources */,
			);
			buildRules = (
			);
			dependencies = (
				4CCAB4ED19B6D4D3007E3283 /* PBXTargetDependency */,
			);
			name = tongbaotuTests;
			productName = tongbaotuTests;
			productReference = 4CCAB4E719B6D4D3007E3283 /* tongbaotuTests.xctest */;
			productType = "com.apple.product-type.bundle.unit-test";
		};
/* End PBXNativeTarget section */

/* Begin PBXProject section */
		4CCAB4BE19B6D4D2007E3283 /* Project object */ = {
			isa = PBXProject;
			attributes = {
				CLASSPREFIX = T;
				LastUpgradeCheck = 0510;
				ORGANIZATIONNAME = tongbaotu;
				TargetAttributes = {
					4CCAB4E619B6D4D3007E3283 = {
						TestTargetID = 4CCAB4C519B6D4D2007E3283;
					};
				};
			};
			buildConfigurationList = 4CCAB4C119B6D4D2007E3283 /* Build configuration list for PBXProject "tongbaotu" */;
			compatibilityVersion = "Xcode 3.2";
			developmentRegion = English;
			hasScannedForEncodings = 0;
			knownRegions = (
				en,
				Base,
			);
			mainGroup = 4CCAB4BD19B6D4D2007E3283;
			productRefGroup = 4CCAB4C719B6D4D2007E3283 /* Products */;
			projectDirPath = "";
			projectRoot = "";
			targets = (
				4CCAB4C519B6D4D2007E3283 /* tongbaotu */,
				4CCAB4E619B6D4D3007E3283 /* tongbaotuTests */,
			);
		};
/* End PBXProject section */

/* Begin PBXResourcesBuildPhase section */
		4CCAB4C419B6D4D2007E3283 /* Resources */ = {
			isa = PBXResourcesBuildPhase;
			buildActionMask = 2147483647;
			files = (
				4CCAB4E219B6D4D3007E3283 /* Images.xcassets in Resources */,
				4CCAB4D419B6D4D3007E3283 /* InfoPlist.strings in Resources */,
				4CCAB4DD19B6D4D3007E3283 /* Main.storyboard in Resources */,
			);
			runOnlyForDeploymentPostprocessing = 0;
		};
		4CCAB4E519B6D4D3007E3283 /* Resources */ = {
			isa = PBXResourcesBuildPhase;
			buildActionMask = 2147483647;
			files = (
				4CCAB4F319B6D4D3007E3283 /* InfoPlist.strings in Resources */,
			);
			runOnlyForDeploymentPostprocessing = 0;
		};
/* End PBXResourcesBuildPhase section */

/* Begin PBXSourcesBuildPhase section */
		4CCAB4C219B6D4D2007E3283 /* Sources */ = {
			isa = PBXSourcesBuildPhase;
			buildActionMask = 2147483647;
			files = (
				4CCAB4D619B6D4D3007E3283 /* main.m in Sources */,
				4CCAB4DA19B6D4D3007E3283 /* TAppDelegate.m in Sources */,
				4CCAB4E019B6D4D3007E3283 /* TViewController.m in Sources */,
			);
			runOnlyForDeploymentPostprocessing = 0;
		};
		4CCAB4E319B6D4D3007E3283 /* Sources */ = {
			isa = PBXSourcesBuildPhase;
			buildActionMask = 2147483647;
			files = (
				4CCAB4F519B6D4D3007E3283 /* tongbaotuTests.m in Sources */,
			);
			runOnlyForDeploymentPostprocessing = 0;
		};
/* End PBXSourcesBuildPhase section */

/* Begin PBXTargetDependency section */
		4CCAB4ED19B6D4D3007E3283 /* PBXTargetDependency */ = {
			isa = PBXTargetDependency;
			target = 4CCAB4C519B6D4D2007E3283 /* tongbaotu */;
			targetProxy = 4CCAB4EC19B6D4D3007E3283 /* PBXContainerItemProxy */;
		};
/* End PBXTargetDependency section */

/* Begin PBXVariantGroup section */
		4CCAB4D219B6D4D3007E3283 /* InfoPlist.strings */ = {
			isa = PBXVariantGroup;
			children = (
				4CCAB4D319B6D4D3007E3283 /* en */,
			);
			name = InfoPlist.strings;
			sourceTree = "<group>";
		};
		4CCAB4DB19B6D4D3007E3283 /* Main.storyboard */ = {
			isa = PBXVariantGroup;
			children = (
				4CCAB4DC19B6D4D3007E3283 /* Base */,
			);
			name = Main.storyboard;
			sourceTree = "<group>";
		};
		4CCAB4F119B6D4D3007E3283 /* InfoPlist.strings */ = {
			isa = PBXVariantGroup;
			children = (
				4CCAB4F219B6D4D3007E3283 /* en */,
			);
			name = InfoPlist.strings;
			sourceTree = "<group>";
		};
/* End PBXVariantGroup section */

/* Begin XCBuildConfiguration section */
		4CCAB4F619B6D4D3007E3283 /* Debug */ = {
			isa = XCBuildConfiguration;
			buildSettings = {
				ALWAYS_SEARCH_USER_PATHS = NO;
				CLANG_CXX_LANGUAGE_STANDARD = "gnu++0x";
				CLANG_CXX_LIBRARY = "libc++";
				CLANG_ENABLE_MODULES = YES;
				CLANG_ENABLE_OBJC_ARC = YES;
				CLANG_WARN_BOOL_CONVERSION = YES;
				CLANG_WARN_CONSTANT_CONVERSION = YES;
				CLANG_WARN_DIRECT_OBJC_ISA_USAGE = YES_ERROR;
				CLANG_WARN_EMPTY_BODY = YES;
				CLANG_WARN_ENUM_CONVERSION = YES;
				CLANG_WARN_INT_CONVERSION = YES;
				CLANG_WARN_OBJC_ROOT_CLASS = YES_ERROR;
				CLANG_WARN__DUPLICATE_METHOD_MATCH = YES;
				"CODE_SIGN_IDENTITY[sdk=iphoneos*]" = "iPhone Developer";
				COPY_PHASE_STRIP = NO;
				GCC_C_LANGUAGE_STANDARD = gnu99;
				GCC_DYNAMIC_NO_PIC = NO;
				GCC_OPTIMIZATION_LEVEL = 0;
				GCC_PREPROCESSOR_DEFINITIONS = (
					"DEBUG=1",
					"$(inherited)",
				);
				GCC_SYMBOLS_PRIVATE_EXTERN = NO;
				GCC_WARN_64_TO_32_BIT_CONVERSION = YES;
				GCC_WARN_ABOUT_RETURN_TYPE = YES_ERROR;
				GCC_WARN_UNDECLARED_SELECTOR = YES;
				GCC_WARN_UNINITIALIZED_AUTOS = YES_AGGRESSIVE;
				GCC_WARN_UNUSED_FUNCTION = YES;
				GCC_WARN_UNUSED_VARIABLE = YES;
				IPHONEOS_DEPLOYMENT_TARGET = 7.1;
				ONLY_ACTIVE_ARCH = YES;
				SDKROOT = iphoneos;
			};
			name = Debug;
		};
		4CCAB4F719B6D4D3007E3283 /* Release */ = {
			isa = XCBuildConfiguration;
			buildSettings = {
				ALWAYS_SEARCH_USER_PATHS = NO;
				CLANG_CXX_LANGUAGE_STANDARD = "gnu++0x";
				CLANG_CXX_LIBRARY = "libc++";
				CLANG_ENABLE_MODULES = YES;
				CLANG_ENABLE_OBJC_ARC = YES;
				CLANG_WARN_BOOL_CONVERSION = YES;
				CLANG_WARN_CONSTANT_CONVERSION = YES;
				CLANG_WARN_DIRECT_OBJC_ISA_USAGE = YES_ERROR;
				CLANG_WARN_EMPTY_BODY = YES;
				CLANG_WARN_ENUM_CONVERSION = YES;
				CLANG_WARN_INT_CONVERSION = YES;
				CLANG_WARN_OBJC_ROOT_CLASS = YES_ERROR;
				CLANG_WARN__DUPLICATE_METHOD_MATCH = YES;
				"CODE_SIGN_IDENTITY[sdk=iphoneos*]" = "iPhone Developer";
				COPY_PHASE_STRIP = YES;
				ENABLE_NS_ASSERTIONS = NO;
				GCC_C_LANGUAGE_STANDARD = gnu99;
				GCC_WARN_64_TO_32_BIT_CONVERSION = YES;
				GCC_WARN_ABOUT_RETURN_TYPE = YES_ERROR;
				GCC_WARN_UNDECLARED_SELECTOR = YES;
				GCC_WARN_UNINITIALIZED_AUTOS = YES_AGGRESSIVE;
				GCC_WARN_UNUSED_FUNCTION = YES;
				GCC_WARN_UNUSED_VARIABLE = YES;
				IPHONEOS_DEPLOYMENT_TARGET = 7.1;
				SDKROOT = iphoneos;
				VALIDATE_PRODUCT = YES;
			};
			name = Release;
		};
		4CCAB4F919B6D4D3007E3283 /* Debug */ = {
			isa = XCBuildConfiguration;
			buildSettings = {
				ASSETCATALOG_COMPILER_APPICON_NAME = AppIcon;
				ASSETCATALOG_COMPILER_LAUNCHIMAGE_NAME = LaunchImage;
				GCC_PRECOMPILE_PREFIX_HEADER = YES;
				GCC_PREFIX_HEADER = "tongbaotu/tongbaotu-Prefix.pch";
				INFOPLIST_FILE = "tongbaotu/tongbaotu-Info.plist";
				PRODUCT_NAME = "$(TARGET_NAME)";
				WRAPPER_EXTENSION = app;
			};
			name = Debug;
		};
		4CCAB4FA19B6D4D3007E3283 /* Release */ = {
			isa = XCBuildConfiguration;
			buildSettings = {
				ASSETCATALOG_COMPILER_APPICON_NAME = AppIcon;
				ASSETCATALOG_COMPILER_LAUNCHIMAGE_NAME = LaunchImage;
				GCC_PRECOMPILE_PREFIX_HEADER = YES;
				GCC_PREFIX_HEADER = "tongbaotu/tongbaotu-Prefix.pch";
				INFOPLIST_FILE = "tongbaotu/tongbaotu-Info.plist";
				PRODUCT_NAME = "$(TARGET_NAME)";
				WRAPPER_EXTENSION = app;
			};
			name = Release;
		};
		4CCAB4FC19B6D4D3007E3283 /* Debug */ = {
			isa = XCBuildConfiguration;
			buildSettings = {
				BUNDLE_LOADER = "$(BUILT_PRODUCTS_DIR)/tongbaotu.app/tongbaotu";
				FRAMEWORK_SEARCH_PATHS = (
					"$(SDKROOT)/Developer/Library/Frameworks",
					"$(inherited)",
					"$(DEVELOPER_FRAMEWORKS_DIR)",
				);
				GCC_PRECOMPILE_PREFIX_HEADER = YES;
				GCC_PREFIX_HEADER = "tongbaotu/tongbaotu-Prefix.pch";
				GCC_PREPROCESSOR_DEFINITIONS = (
					"DEBUG=1",
					"$(inherited)",
				);
				INFOPLIST_FILE = "tongbaotuTests/tongbaotuTests-Info.plist";
				PRODUCT_NAME = "$(TARGET_NAME)";
				TEST_HOST = "$(BUNDLE_LOADER)";
				WRAPPER_EXTENSION = xctest;
			};
			name = Debug;
		};
		4CCAB4FD19B6D4D3007E3283 /* Release */ = {
			isa = XCBuildConfiguration;
			buildSettings = {
				BUNDLE_LOADER = "$(BUILT_PRODUCTS_DIR)/tongbaotu.app/tongbaotu";
				FRAMEWORK_SEARCH_PATHS = (
					"$(SDKROOT)/Developer/Library/Frameworks",
					"$(inherited)",
					"$(DEVELOPER_FRAMEWORKS_DIR)",
				);
				GCC_PRECOMPILE_PREFIX_HEADER = YES;
				GCC_PREFIX_HEADER = "tongbaotu/tongbaotu-Prefix.pch";
				INFOPLIST_FILE = "tongbaotuTests/tongbaotuTests-Info.plist";
				PRODUCT_NAME = "$(TARGET_NAME)";
				TEST_HOST = "$(BUNDLE_LOADER)";
				WRAPPER_EXTENSION = xctest;
			};
			name = Release;
		};
/* End XCBuildConfiguration section */

/* Begin XCConfigurationList section */
		4CCAB4C119B6D4D2007E3283 /* Build configuration list for PBXProject "tongbaotu" */ = {
			isa = XCConfigurationList;
			buildConfigurations = (
				4CCAB4F619B6D4D3007E3283 /* Debug */,
				4CCAB4F719B6D4D3007E3283 /* Release */,
			);
			defaultConfigurationIsVisible = 0;
			defaultConfigurationName = Release;
		};
		4CCAB4F819B6D4D3007E3283 /* Build configuration list for PBXNativeTarget "tongbaotu" */ = {
			isa = XCConfigurationList;
			buildConfigurations = (
				4CCAB4F919B6D4D3007E3283 /* Debug */,
				4CCAB4FA19B6D4D3007E3283 /* Release */,
			);
			defaultConfigurationIsVisible = 0;
		};
		4CCAB4FB19B6D4D3007E3283 /* Build configuration list for PBXNativeTarget "tongbaotuTests" */ = {
			isa = XCConfigurationList;
			buildConfigurations = (
				4CCAB4FC19B6D4D3007E3283 /* Debug */,
				4CCAB4FD19B6D4D3007E3283 /* Release */,
			);
			defaultConfigurationIsVisible = 0;
		};
/* End XCConfigurationList section */
	};
	rootObject = 4CCAB4BE19B6D4D2007E3283 /* Project object */;
}
